
Microsoft Visual Studio Solution File, Format Version 10.00
# Visual Studio 2008
Project("{8BC9CEB8-8B4A-11D0-8D11-00A0C91BC942}") = "PGM", "PGM\PGM.vcproj", "{884D86B7-FF3E-4309-9E3F-AC16894F607E}"
EndProject
Global
	GlobalSection(SolutionConfigurationPlatforms) = preSolution
		Debug|Win32 = Debug|Win32
		Release|Win32 = Release|Win32
	EndGlobalSection
	GlobalSection(ProjectConfigurationPlatforms) = postSolution
		{884D86B7-FF3E-4309-9E3F-AC16894F607E}.Debug|Win32.ActiveCfg = Debug|Win32
		{884D86B7-FF3E-4309-9E3F-AC16894F607E}.Debug|Win32.Build.0 = Debug|Win32
		{884D86B7-FF3E-4309-9E3F-AC16894F607E}.Release|Win32.ActiveCfg = Release|Win32
		{884D86B7-FF3E-4309-9E3F-AC16894F607E}.Release|Win32.Build.0 = Release|Win32
	EndGlobalSection
	GlobalSection(SolutionProperties) = preSolution
		HideSolutionNode = FALSE
	EndGlobalSection
EndGlobal
